
Microsoft Visual Studio Solution File, Format Version 12.00
# Visual Studio Version 16
VisualStudioVersion = 16.0.28407.52
MinimumVisualStudioVersion = 15.0.26124.0
Project("{2150E333-8FDC-42A3-9474-1A3956D46DE8}") = "src", "src", "{38F1F7D1-99FB-476D-A40B-999E2D005F2E}"
EndProject
Project("{9A19103F-16F7-4668-BE54-9A1E7A4F7556}") = "DeliveryService.Api", "src\DeliveryService.Api\DeliveryService.Api.csproj", "{E2A4EB33-0AA8-431E-9230-B9C9B4493498}"
EndProject
Project("{9A19103F-16F7-4668-BE54-9A1E7A4F7556}") = "DeliveryService.Services.Activities", "src\DeliveryService.Services.Activities\DeliveryService.Services.Activities.csproj", "{88A76BDE-F8AE-4797-B59F-15D21E717062}"
EndProject
Project("{9A19103F-16F7-4668-BE54-9A1E7A4F7556}") = "DeliveryService.Services.Identity", "src\DeliveryService.Services.Identity\DeliveryService.Services.Identity.csproj", "{44CDDC52-9D0A-4728-82CF-73C1BF9033B0}"
EndProject
Project("{9A19103F-16F7-4668-BE54-9A1E7A4F7556}") = "DeliveryService.Common", "src\DeliveryService.Common\DeliveryService.Common.csproj", "{9F96E807-C5AA-4412-A837-2B31B3007468}"
EndProject
Project("{2150E333-8FDC-42A3-9474-1A3956D46DE8}") = "Solution Items", "Solution Items", "{0A67F1B1-8E7B-4B19-B1F6-D18D37B1707D}"
	ProjectSection(SolutionItems) = preProject
		.gitignore = .gitignore
		README.md = README.md
	EndProjectSection
EndProject
Project("{2150E333-8FDC-42A3-9474-1A3956D46DE8}") = "tests", "tests", "{67487113-0E17-413D-9A50-7E6C9AC74680}"
EndProject
Project("{9A19103F-16F7-4668-BE54-9A1E7A4F7556}") = "DeliveryService.Api", "tests\DeliveryService.Api\DeliveryService.Api.csproj", "{EA2A57F4-DCBA-46F5-A0DD-58590E3BE28C}"
EndProject
Project("{9A19103F-16F7-4668-BE54-9A1E7A4F7556}") = "DeliveryService.Services.Points", "src\DeliveryService.Services.Points\DeliveryService.Services.Points.csproj", "{0E2FD263-094D-46ED-BCDF-15FFBBBEF116}"
EndProject
Global
	GlobalSection(SolutionConfigurationPlatforms) = preSolution
		Debug|Any CPU = Debug|Any CPU
		Debug|x64 = Debug|x64
		Debug|x86 = Debug|x86
		Release|Any CPU = Release|Any CPU
		Release|x64 = Release|x64
		Release|x86 = Release|x86
	EndGlobalSection
	GlobalSection(ProjectConfigurationPlatforms) = postSolution
		{E2A4EB33-0AA8-431E-9230-B9C9B4493498}.Debug|Any CPU.ActiveCfg = Debug|Any CPU
		{E2A4EB33-0AA8-431E-9230-B9C9B4493498}.Debug|Any CPU.Build.0 = Debug|Any CPU
		{E2A4EB33-0AA8-431E-9230-B9C9B4493498}.Debug|x64.ActiveCfg = Debug|Any CPU
		{E2A4EB33-0AA8-431E-9230-B9C9B4493498}.Debug|x64.Build.0 = Debug|Any CPU
		{E2A4EB33-0AA8-431E-9230-B9C9B4493498}.Debug|x86.ActiveCfg = Debug|Any CPU
		{E2A4EB33-0AA8-431E-9230-B9C9B4493498}.Debug|x86.Build.0 = Debug|Any CPU
		{E2A4EB33-0AA8-431E-9230-B9C9B4493498}.Release|Any CPU.ActiveCfg = Release|Any CPU
		{E2A4EB33-0AA8-431E-9230-B9C9B4493498}.Release|Any CPU.Build.0 = Release|Any CPU
		{E2A4EB33-0AA8-431E-9230-B9C9B4493498}.Release|x64.ActiveCfg = Release|Any CPU
		{E2A4EB33-0AA8-431E-9230-B9C9B4493498}.Release|x64.Build.0 = Release|Any CPU
		{E2A4EB33-0AA8-431E-9230-B9C9B4493498}.Release|x86.ActiveCfg = Release|Any CPU
		{E2A4EB33-0AA8-431E-9230-B9C9B4493498}.Release|x86.Build.0 = Release|Any CPU
		{88A76BDE-F8AE-4797-B59F-15D21E717062}.Debug|Any CPU.ActiveCfg = Debug|Any CPU
		{88A76BDE-F8AE-4797-B59F-15D21E717062}.Debug|Any CPU.Build.0 = Debug|Any CPU
		{88A76BDE-F8AE-4797-B59F-15D21E717062}.Debug|x64.ActiveCfg = Debug|Any CPU
		{88A76BDE-F8AE-4797-B59F-15D21E717062}.Debug|x64.Build.0 = Debug|Any CPU
		{88A76BDE-F8AE-4797-B59F-15D21E717062}.Debug|x86.ActiveCfg = Debug|Any CPU
		{88A76BDE-F8AE-4797-B59F-15D21E717062}.Debug|x86.Build.0 = Debug|Any CPU
		{88A76BDE-F8AE-4797-B59F-15D21E717062}.Release|Any CPU.ActiveCfg = Release|Any CPU
		{88A76BDE-F8AE-4797-B59F-15D21E717062}.Release|Any CPU.Build.0 = Release|Any CPU
		{88A76BDE-F8AE-4797-B59F-15D21E717062}.Release|x64.ActiveCfg = Release|Any CPU
		{88A76BDE-F8AE-4797-B59F-15D21E717062}.Release|x64.Build.0 = Release|Any CPU
		{88A76BDE-F8AE-4797-B59F-15D21E717062}.Release|x86.ActiveCfg = Release|Any CPU
		{88A76BDE-F8AE-4797-B59F-15D21E717062}.Release|x86.Build.0 = Release|Any CPU
		{44CDDC52-9D0A-4728-82CF-73C1BF9033B0}.Debug|Any CPU.ActiveCfg = Debug|Any CPU
		{44CDDC52-9D0A-4728-82CF-73C1BF9033B0}.Debug|Any CPU.Build.0 = Debug|Any CPU
		{44CDDC52-9D0A-4728-82CF-73C1BF9033B0}.Debug|x64.ActiveCfg = Debug|Any CPU
		{44CDDC52-9D0A-4728-82CF-73C1BF9033B0}.Debug|x64.Build.0 = Debug|Any CPU
		{44CDDC52-9D0A-4728-82CF-73C1BF9033B0}.Debug|x86.ActiveCfg = Debug|Any CPU
		{44CDDC52-9D0A-4728-82CF-73C1BF9033B0}.Debug|x86.Build.0 = Debug|Any CPU
		{44CDDC52-9D0A-4728-82CF-73C1BF9033B0}.Release|Any CPU.ActiveCfg = Release|Any CPU
		{44CDDC52-9D0A-4728-82CF-73C1BF9033B0}.Release|Any CPU.Build.0 = Release|Any CPU
		{44CDDC52-9D0A-4728-82CF-73C1BF9033B0}.Release|x64.ActiveCfg = Release|Any CPU
		{44CDDC52-9D0A-4728-82CF-73C1BF9033B0}.Release|x64.Build.0 = Release|Any CPU
		{44CDDC52-9D0A-4728-82CF-73C1BF9033B0}.Release|x86.ActiveCfg = Release|Any CPU
		{44CDDC52-9D0A-4728-82CF-73C1BF9033B0}.Release|x86.Build.0 = Release|Any CPU
		{9F96E807-C5AA-4412-A837-2B31B3007468}.Debug|Any CPU.ActiveCfg = Debug|Any CPU
		{9F96E807-C5AA-4412-A837-2B31B3007468}.Debug|Any CPU.Build.0 = Debug|Any CPU
		{9F96E807-C5AA-4412-A837-2B31B3007468}.Debug|x64.ActiveCfg = Debug|Any CPU
		{9F96E807-C5AA-4412-A837-2B31B3007468}.Debug|x64.Build.0 = Debug|Any CPU
		{9F96E807-C5AA-4412-A837-2B31B3007468}.Debug|x86.ActiveCfg = Debug|Any CPU
		{9F96E807-C5AA-4412-A837-2B31B3007468}.Debug|x86.Build.0 = Debug|Any CPU
		{9F96E807-C5AA-4412-A837-2B31B3007468}.Release|Any CPU.ActiveCfg = Release|Any CPU
		{9F96E807-C5AA-4412-A837-2B31B3007468}.Release|Any CPU.Build.0 = Release|Any CPU
		{9F96E807-C5AA-4412-A837-2B31B3007468}.Release|x64.ActiveCfg = Release|Any CPU
		{9F96E807-C5AA-4412-A837-2B31B3007468}.Release|x64.Build.0 = Release|Any CPU
		{9F96E807-C5AA-4412-A837-2B31B3007468}.Release|x86.ActiveCfg = Release|Any CPU
		{9F96E807-C5AA-4412-A837-2B31B3007468}.Release|x86.Build.0 = Release|Any CPU
		{EA2A57F4-DCBA-46F5-A0DD-58590E3BE28C}.Debug|Any CPU.ActiveCfg = Debug|Any CPU
		{EA2A57F4-DCBA-46F5-A0DD-58590E3BE28C}.Debug|Any CPU.Build.0 = Debug|Any CPU
		{EA2A57F4-DCBA-46F5-A0DD-58590E3BE28C}.Debug|x64.ActiveCfg = Debug|Any CPU
		{EA2A57F4-DCBA-46F5-A0DD-58590E3BE28C}.Debug|x64.Build.0 = Debug|Any CPU
		{EA2A57F4-DCBA-46F5-A0DD-58590E3BE28C}.Debug|x86.ActiveCfg = Debug|Any CPU
		{EA2A57F4-DCBA-46F5-A0DD-58590E3BE28C}.Debug|x86.Build.0 = Debug|Any CPU
		{EA2A57F4-DCBA-46F5-A0DD-58590E3BE28C}.Release|Any CPU.ActiveCfg = Release|Any CPU
		{EA2A57F4-DCBA-46F5-A0DD-58590E3BE28C}.Release|Any CPU.Build.0 = Release|Any CPU
		{EA2A57F4-DCBA-46F5-A0DD-58590E3BE28C}.Release|x64.ActiveCfg = Release|Any CPU
		{EA2A57F4-DCBA-46F5-A0DD-58590E3BE28C}.Release|x64.Build.0 = Release|Any CPU
		{EA2A57F4-DCBA-46F5-A0DD-58590E3BE28C}.Release|x86.ActiveCfg = Release|Any CPU
		{EA2A57F4-DCBA-46F5-A0DD-58590E3BE28C}.Release|x86.Build.0 = Release|Any CPU
		{0E2FD263-094D-46ED-BCDF-15FFBBBEF116}.Debug|Any CPU.ActiveCfg = Debug|Any CPU
		{0E2FD263-094D-46ED-BCDF-15FFBBBEF116}.Debug|Any CPU.Build.0 = Debug|Any CPU
		{0E2FD263-094D-46ED-BCDF-15FFBBBEF116}.Debug|x64.ActiveCfg = Debug|Any CPU
		{0E2FD263-094D-46ED-BCDF-15FFBBBEF116}.Debug|x64.Build.0 = Debug|Any CPU
		{0E2FD263-094D-46ED-BCDF-15FFBBBEF116}.Debug|x86.ActiveCfg = Debug|Any CPU
		{0E2FD263-094D-46ED-BCDF-15FFBBBEF116}.Debug|x86.Build.0 = Debug|Any CPU
		{0E2FD263-094D-46ED-BCDF-15FFBBBEF116}.Release|Any CPU.ActiveCfg = Release|Any CPU
		{0E2FD263-094D-46ED-BCDF-15FFBBBEF116}.Release|Any CPU.Build.0 = Release|Any CPU
		{0E2FD263-094D-46ED-BCDF-15FFBBBEF116}.Release|x64.ActiveCfg = Release|Any CPU
		{0E2FD263-094D-46ED-BCDF-15FFBBBEF116}.Release|x64.Build.0 = Release|Any CPU
		{0E2FD263-094D-46ED-BCDF-15FFBBBEF116}.Release|x86.ActiveCfg = Release|Any CPU
		{0E2FD263-094D-46ED-BCDF-15FFBBBEF116}.Release|x86.Build.0 = Release|Any CPU
	EndGlobalSection
	GlobalSection(SolutionProperties) = preSolution
		HideSolutionNode = FALSE
	EndGlobalSection
	GlobalSection(NestedProjects) = preSolution
		{E2A4EB33-0AA8-431E-9230-B9C9B4493498} = {38F1F7D1-99FB-476D-A40B-999E2D005F2E}
		{88A76BDE-F8AE-4797-B59F-15D21E717062} = {38F1F7D1-99FB-476D-A40B-999E2D005F2E}
		{44CDDC52-9D0A-4728-82CF-73C1BF9033B0} = {38F1F7D1-99FB-476D-A40B-999E2D005F2E}
		{9F96E807-C5AA-4412-A837-2B31B3007468} = {38F1F7D1-99FB-476D-A40B-999E2D005F2E}
		{EA2A57F4-DCBA-46F5-A0DD-58590E3BE28C} = {67487113-0E17-413D-9A50-7E6C9AC74680}
		{0E2FD263-094D-46ED-BCDF-15FFBBBEF116} = {38F1F7D1-99FB-476D-A40B-999E2D005F2E}
	EndGlobalSection
	GlobalSection(ExtensibilityGlobals) = postSolution
		SolutionGuid = {3C6E6A1C-EE7A-4716-8919-59D3BEC291B8}
	EndGlobalSection
EndGlobal
