
Microsoft Visual Studio Solution File, Format Version 12.00
# Visual Studio Version 16
VisualStudioVersion = 16.0.28531.58
MinimumVisualStudioVersion = 15.0.26124.0
Project("{2150E333-8FDC-42A3-9474-1A3956D46DE8}") = "src", "src", "{38F1F7D1-99FB-476D-A40B-999E2D005F2E}"
EndProject
Project("{9A19103F-16F7-4668-BE54-9A1E7A4F7556}") = "DeliveryService.Api", "src\DeliveryService.Api\DeliveryService.Api.csproj", "{E2A4EB33-0AA8-431E-9230-B9C9B4493498}"
EndProject
Project("{9A19103F-16F7-4668-BE54-9A1E7A4F7556}") = "DeliveryService.Services.Identity", "src\DeliveryService.Services.Identity\DeliveryService.Services.Identity.csproj", "{44CDDC52-9D0A-4728-82CF-73C1BF9033B0}"
EndProject
Project("{9A19103F-16F7-4668-BE54-9A1E7A4F7556}") = "DeliveryService.Common", "src\DeliveryService.Common\DeliveryService.Common.csproj", "{9F96E807-C5AA-4412-A837-2B31B3007468}"
EndProject
Project("{2150E333-8FDC-42A3-9474-1A3956D46DE8}") = "Solution Items", "Solution Items", "{0A67F1B1-8E7B-4B19-B1F6-D18D37B1707D}"
	ProjectSection(SolutionItems) = preProject
		.gitignore = .gitignore
		README.md = README.md
	EndProjectSection
EndProject
Project("{2150E333-8FDC-42A3-9474-1A3956D46DE8}") = "tests", "tests", "{67487113-0E17-413D-9A50-7E6C9AC74680}"
EndProject
Project("{9A19103F-16F7-4668-BE54-9A1E7A4F7556}") = "DeliveryService.Services.Points.Tests", "tests\DeliveryService.Services.Points.Tests\DeliveryService.Services.Points.Tests.csproj", "{380829D3-E512-49C4-82E9-5D0C549E66F8}"
EndProject
Project("{9A19103F-16F7-4668-BE54-9A1E7A4F7556}") = "DeliveryService.Services.Points", "src\DeliveryService.Services.Points\DeliveryService.Services.Points.csproj", "{783BEB0E-567C-4ECF-8833-7DD30719A735}"
EndProject
Project("{9A19103F-16F7-4668-BE54-9A1E7A4F7556}") = "DeliveryService.Api.Tests", "tests\DeliveryService.Api.Tests\DeliveryService.Api.Tests.csproj", "{258A3701-F898-4855-9E88-E65C7B4E879F}"
EndProject
Project("{E53339B2-1760-4266-BCC7-CA923CBCF16C}") = "docker-compose", "docker-compose.dcproj", "{3E6F4B5F-18E4-48F0-B86D-C1D443E6C6BC}"
EndProject
Global
	GlobalSection(SolutionConfigurationPlatforms) = preSolution
		Debug|Any CPU = Debug|Any CPU
		Debug|x64 = Debug|x64
		Debug|x86 = Debug|x86
		Release|Any CPU = Release|Any CPU
		Release|x64 = Release|x64
		Release|x86 = Release|x86
	EndGlobalSection
	GlobalSection(ProjectConfigurationPlatforms) = postSolution
		{E2A4EB33-0AA8-431E-9230-B9C9B4493498}.Debug|Any CPU.ActiveCfg = Debug|Any CPU
		{E2A4EB33-0AA8-431E-9230-B9C9B4493498}.Debug|Any CPU.Build.0 = Debug|Any CPU
		{E2A4EB33-0AA8-431E-9230-B9C9B4493498}.Debug|x64.ActiveCfg = Debug|Any CPU
		{E2A4EB33-0AA8-431E-9230-B9C9B4493498}.Debug|x64.Build.0 = Debug|Any CPU
		{E2A4EB33-0AA8-431E-9230-B9C9B4493498}.Debug|x86.ActiveCfg = Debug|Any CPU
		{E2A4EB33-0AA8-431E-9230-B9C9B4493498}.Debug|x86.Build.0 = Debug|Any CPU
		{E2A4EB33-0AA8-431E-9230-B9C9B4493498}.Release|Any CPU.ActiveCfg = Release|Any CPU
		{E2A4EB33-0AA8-431E-9230-B9C9B4493498}.Release|Any CPU.Build.0 = Release|Any CPU
		{E2A4EB33-0AA8-431E-9230-B9C9B4493498}.Release|x64.ActiveCfg = Release|Any CPU
		{E2A4EB33-0AA8-431E-9230-B9C9B4493498}.Release|x64.Build.0 = Release|Any CPU
		{E2A4EB33-0AA8-431E-9230-B9C9B4493498}.Release|x86.ActiveCfg = Release|Any CPU
		{E2A4EB33-0AA8-431E-9230-B9C9B4493498}.Release|x86.Build.0 = Release|Any CPU
		{44CDDC52-9D0A-4728-82CF-73C1BF9033B0}.Debug|Any CPU.ActiveCfg = Debug|Any CPU
		{44CDDC52-9D0A-4728-82CF-73C1BF9033B0}.Debug|Any CPU.Build.0 = Debug|Any CPU
		{44CDDC52-9D0A-4728-82CF-73C1BF9033B0}.Debug|x64.ActiveCfg = Debug|Any CPU
		{44CDDC52-9D0A-4728-82CF-73C1BF9033B0}.Debug|x64.Build.0 = Debug|Any CPU
		{44CDDC52-9D0A-4728-82CF-73C1BF9033B0}.Debug|x86.ActiveCfg = Debug|Any CPU
		{44CDDC52-9D0A-4728-82CF-73C1BF9033B0}.Debug|x86.Build.0 = Debug|Any CPU
		{44CDDC52-9D0A-4728-82CF-73C1BF9033B0}.Release|Any CPU.ActiveCfg = Release|Any CPU
		{44CDDC52-9D0A-4728-82CF-73C1BF9033B0}.Release|Any CPU.Build.0 = Release|Any CPU
		{44CDDC52-9D0A-4728-82CF-73C1BF9033B0}.Release|x64.ActiveCfg = Release|Any CPU
		{44CDDC52-9D0A-4728-82CF-73C1BF9033B0}.Release|x64.Build.0 = Release|Any CPU
		{44CDDC52-9D0A-4728-82CF-73C1BF9033B0}.Release|x86.ActiveCfg = Release|Any CPU
		{44CDDC52-9D0A-4728-82CF-73C1BF9033B0}.Release|x86.Build.0 = Release|Any CPU
		{9F96E807-C5AA-4412-A837-2B31B3007468}.Debug|Any CPU.ActiveCfg = Debug|Any CPU
		{9F96E807-C5AA-4412-A837-2B31B3007468}.Debug|Any CPU.Build.0 = Debug|Any CPU
		{9F96E807-C5AA-4412-A837-2B31B3007468}.Debug|x64.ActiveCfg = Debug|Any CPU
		{9F96E807-C5AA-4412-A837-2B31B3007468}.Debug|x64.Build.0 = Debug|Any CPU
		{9F96E807-C5AA-4412-A837-2B31B3007468}.Debug|x86.ActiveCfg = Debug|Any CPU
		{9F96E807-C5AA-4412-A837-2B31B3007468}.Debug|x86.Build.0 = Debug|Any CPU
		{9F96E807-C5AA-4412-A837-2B31B3007468}.Release|Any CPU.ActiveCfg = Release|Any CPU
		{9F96E807-C5AA-4412-A837-2B31B3007468}.Release|Any CPU.Build.0 = Release|Any CPU
		{9F96E807-C5AA-4412-A837-2B31B3007468}.Release|x64.ActiveCfg = Release|Any CPU
		{9F96E807-C5AA-4412-A837-2B31B3007468}.Release|x64.Build.0 = Release|Any CPU
		{9F96E807-C5AA-4412-A837-2B31B3007468}.Release|x86.ActiveCfg = Release|Any CPU
		{9F96E807-C5AA-4412-A837-2B31B3007468}.Release|x86.Build.0 = Release|Any CPU
		{380829D3-E512-49C4-82E9-5D0C549E66F8}.Debug|Any CPU.ActiveCfg = Debug|Any CPU
		{380829D3-E512-49C4-82E9-5D0C549E66F8}.Debug|Any CPU.Build.0 = Debug|Any CPU
		{380829D3-E512-49C4-82E9-5D0C549E66F8}.Debug|x64.ActiveCfg = Debug|Any CPU
		{380829D3-E512-49C4-82E9-5D0C549E66F8}.Debug|x64.Build.0 = Debug|Any CPU
		{380829D3-E512-49C4-82E9-5D0C549E66F8}.Debug|x86.ActiveCfg = Debug|Any CPU
		{380829D3-E512-49C4-82E9-5D0C549E66F8}.Debug|x86.Build.0 = Debug|Any CPU
		{380829D3-E512-49C4-82E9-5D0C549E66F8}.Release|Any CPU.ActiveCfg = Release|Any CPU
		{380829D3-E512-49C4-82E9-5D0C549E66F8}.Release|Any CPU.Build.0 = Release|Any CPU
		{380829D3-E512-49C4-82E9-5D0C549E66F8}.Release|x64.ActiveCfg = Release|Any CPU
		{380829D3-E512-49C4-82E9-5D0C549E66F8}.Release|x64.Build.0 = Release|Any CPU
		{380829D3-E512-49C4-82E9-5D0C549E66F8}.Release|x86.ActiveCfg = Release|Any CPU
		{380829D3-E512-49C4-82E9-5D0C549E66F8}.Release|x86.Build.0 = Release|Any CPU
		{783BEB0E-567C-4ECF-8833-7DD30719A735}.Debug|Any CPU.ActiveCfg = Debug|Any CPU
		{783BEB0E-567C-4ECF-8833-7DD30719A735}.Debug|Any CPU.Build.0 = Debug|Any CPU
		{783BEB0E-567C-4ECF-8833-7DD30719A735}.Debug|x64.ActiveCfg = Debug|Any CPU
		{783BEB0E-567C-4ECF-8833-7DD30719A735}.Debug|x64.Build.0 = Debug|Any CPU
		{783BEB0E-567C-4ECF-8833-7DD30719A735}.Debug|x86.ActiveCfg = Debug|Any CPU
		{783BEB0E-567C-4ECF-8833-7DD30719A735}.Debug|x86.Build.0 = Debug|Any CPU
		{783BEB0E-567C-4ECF-8833-7DD30719A735}.Release|Any CPU.ActiveCfg = Release|Any CPU
		{783BEB0E-567C-4ECF-8833-7DD30719A735}.Release|Any CPU.Build.0 = Release|Any CPU
		{783BEB0E-567C-4ECF-8833-7DD30719A735}.Release|x64.ActiveCfg = Release|Any CPU
		{783BEB0E-567C-4ECF-8833-7DD30719A735}.Release|x64.Build.0 = Release|Any CPU
		{783BEB0E-567C-4ECF-8833-7DD30719A735}.Release|x86.ActiveCfg = Release|Any CPU
		{783BEB0E-567C-4ECF-8833-7DD30719A735}.Release|x86.Build.0 = Release|Any CPU
		{258A3701-F898-4855-9E88-E65C7B4E879F}.Debug|Any CPU.ActiveCfg = Debug|Any CPU
		{258A3701-F898-4855-9E88-E65C7B4E879F}.Debug|Any CPU.Build.0 = Debug|Any CPU
		{258A3701-F898-4855-9E88-E65C7B4E879F}.Debug|x64.ActiveCfg = Debug|Any CPU
		{258A3701-F898-4855-9E88-E65C7B4E879F}.Debug|x64.Build.0 = Debug|Any CPU
		{258A3701-F898-4855-9E88-E65C7B4E879F}.Debug|x86.ActiveCfg = Debug|Any CPU
		{258A3701-F898-4855-9E88-E65C7B4E879F}.Debug|x86.Build.0 = Debug|Any CPU
		{258A3701-F898-4855-9E88-E65C7B4E879F}.Release|Any CPU.ActiveCfg = Release|Any CPU
		{258A3701-F898-4855-9E88-E65C7B4E879F}.Release|Any CPU.Build.0 = Release|Any CPU
		{258A3701-F898-4855-9E88-E65C7B4E879F}.Release|x64.ActiveCfg = Release|Any CPU
		{258A3701-F898-4855-9E88-E65C7B4E879F}.Release|x64.Build.0 = Release|Any CPU
		{258A3701-F898-4855-9E88-E65C7B4E879F}.Release|x86.ActiveCfg = Release|Any CPU
		{258A3701-F898-4855-9E88-E65C7B4E879F}.Release|x86.Build.0 = Release|Any CPU
		{3E6F4B5F-18E4-48F0-B86D-C1D443E6C6BC}.Debug|Any CPU.ActiveCfg = Debug|Any CPU
		{3E6F4B5F-18E4-48F0-B86D-C1D443E6C6BC}.Debug|Any CPU.Build.0 = Debug|Any CPU
		{3E6F4B5F-18E4-48F0-B86D-C1D443E6C6BC}.Debug|x64.ActiveCfg = Debug|Any CPU
		{3E6F4B5F-18E4-48F0-B86D-C1D443E6C6BC}.Debug|x64.Build.0 = Debug|Any CPU
		{3E6F4B5F-18E4-48F0-B86D-C1D443E6C6BC}.Debug|x86.ActiveCfg = Debug|Any CPU
		{3E6F4B5F-18E4-48F0-B86D-C1D443E6C6BC}.Debug|x86.Build.0 = Debug|Any CPU
		{3E6F4B5F-18E4-48F0-B86D-C1D443E6C6BC}.Release|Any CPU.ActiveCfg = Release|Any CPU
		{3E6F4B5F-18E4-48F0-B86D-C1D443E6C6BC}.Release|Any CPU.Build.0 = Release|Any CPU
		{3E6F4B5F-18E4-48F0-B86D-C1D443E6C6BC}.Release|x64.ActiveCfg = Release|Any CPU
		{3E6F4B5F-18E4-48F0-B86D-C1D443E6C6BC}.Release|x64.Build.0 = Release|Any CPU
		{3E6F4B5F-18E4-48F0-B86D-C1D443E6C6BC}.Release|x86.ActiveCfg = Release|Any CPU
		{3E6F4B5F-18E4-48F0-B86D-C1D443E6C6BC}.Release|x86.Build.0 = Release|Any CPU
	EndGlobalSection
	GlobalSection(SolutionProperties) = preSolution
		HideSolutionNode = FALSE
	EndGlobalSection
	GlobalSection(NestedProjects) = preSolution
		{E2A4EB33-0AA8-431E-9230-B9C9B4493498} = {38F1F7D1-99FB-476D-A40B-999E2D005F2E}
		{44CDDC52-9D0A-4728-82CF-73C1BF9033B0} = {38F1F7D1-99FB-476D-A40B-999E2D005F2E}
		{9F96E807-C5AA-4412-A837-2B31B3007468} = {38F1F7D1-99FB-476D-A40B-999E2D005F2E}
		{380829D3-E512-49C4-82E9-5D0C549E66F8} = {67487113-0E17-413D-9A50-7E6C9AC74680}
		{783BEB0E-567C-4ECF-8833-7DD30719A735} = {38F1F7D1-99FB-476D-A40B-999E2D005F2E}
		{258A3701-F898-4855-9E88-E65C7B4E879F} = {67487113-0E17-413D-9A50-7E6C9AC74680}
	EndGlobalSection
	GlobalSection(ExtensibilityGlobals) = postSolution
		SolutionGuid = {3C6E6A1C-EE7A-4716-8919-59D3BEC291B8}
	EndGlobalSection
EndGlobal
